{
    "_readme": [
        "This file locks the dependencies of your project to a known state",
        "Read more about it at https://getcomposer.org/doc/01-basic-usage.md#installing-dependencies",
        "This file is @generated automatically"
    ],
    "content-hash": "017352a5a0d81dbfeadadfc65e994094",
    "packages": [
        {
            "name": "composer/installers",
            "version": "v1.5.0",
            "source": {
                "type": "git",
                "url": "https://github.com/composer/installers.git",
                "reference": "049797d727261bf27f2690430d935067710049c2"
            },
            "dist": {
                "type": "zip",
                "url": "https://api.github.com/repos/composer/installers/zipball/049797d727261bf27f2690430d935067710049c2",
                "reference": "049797d727261bf27f2690430d935067710049c2",
                "shasum": ""
            },
            "require": {
                "composer-plugin-api": "^1.0"
            },
            "replace": {
                "roundcube/plugin-installer": "*",
                "shama/baton": "*"
            },
            "require-dev": {
                "composer/composer": "1.0.*@dev",
                "phpunit/phpunit": "^4.8.36"
            },
            "type": "composer-plugin",
            "extra": {
                "class": "Composer\\Installers\\Plugin",
                "branch-alias": {
                    "dev-master": "1.0-dev"
                }
            },
            "autoload": {
                "psr-4": {
                    "Composer\\Installers\\": "src/Composer/Installers"
                }
            },
            "notification-url": "https://packagist.org/downloads/",
            "license": [
                "MIT"
            ],
            "authors": [
                {
                    "name": "Kyle Robinson Young",
                    "email": "kyle@dontkry.com",
                    "homepage": "https://github.com/shama"
                }
            ],
            "description": "A multi-framework Composer library installer",
            "homepage": "https://composer.github.io/installers/",
            "keywords": [
                "Craft",
                "Dolibarr",
                "Eliasis",
                "Hurad",
                "ImageCMS",
                "Kanboard",
                "Lan Management System",
                "MODX Evo",
                "Mautic",
                "Maya",
                "OXID",
                "Plentymarkets",
                "Porto",
                "RadPHP",
                "SMF",
                "Thelia",
                "WolfCMS",
                "agl",
                "aimeos",
                "annotatecms",
                "attogram",
                "bitrix",
                "cakephp",
                "chef",
                "cockpit",
                "codeigniter",
                "concrete5",
                "croogo",
                "dokuwiki",
                "drupal",
                "eZ Platform",
                "elgg",
                "expressionengine",
                "fuelphp",
                "grav",
                "installer",
                "itop",
                "joomla",
                "kohana",
                "laravel",
                "lavalite",
                "lithium",
                "magento",
                "majima",
                "mako",
                "mediawiki",
                "modulework",
                "modx",
                "moodle",
                "osclass",
                "phpbb",
                "piwik",
                "ppi",
                "puppet",
                "pxcms",
                "reindex",
                "roundcube",
                "shopware",
                "silverstripe",
                "sydes",
                "symfony",
                "typo3",
                "wordpress",
                "yawik",
                "zend",
                "zikula"
            ],
            "time": "2017-12-29T09:13:20+00:00"
        },
        {
            "name": "erusev/parsedown",
            "version": "v1.7.2",
            "source": {
                "type": "git",
                "url": "https://github.com/erusev/parsedown.git",
                "reference": "d60bcdc46978357759ecb13cb4b078da783f8faf"
            },
            "dist": {
                "type": "zip",
                "url": "https://api.github.com/repos/erusev/parsedown/zipball/d60bcdc46978357759ecb13cb4b078da783f8faf",
                "reference": "d60bcdc46978357759ecb13cb4b078da783f8faf",
                "shasum": ""
            },
            "require": {
                "ext-mbstring": "*",
                "php": ">=5.3.0"
            },
            "require-dev": {
                "phpunit/phpunit": "^4.8.35"
            },
            "type": "library",
            "autoload": {
                "psr-0": {
                    "Parsedown": ""
                }
            },
            "notification-url": "https://packagist.org/downloads/",
            "license": [
                "MIT"
            ],
            "authors": [
                {
                    "name": "Emanuil Rusev",
                    "email": "hello@erusev.com",
                    "homepage": "http://erusev.com"
                }
            ],
            "description": "Parser for Markdown.",
            "homepage": "http://parsedown.org",
            "keywords": [
                "markdown",
                "parser"
            ],
            "time": "2019-03-17T17:19:46+00:00"
        },
        {
            "name": "wordpress-phoenix/abstract-plugin-base",
            "version": "2.6.2",
            "source": {
                "type": "git",
                "url": "https://github.com/WordPress-Phoenix/abstract-plugin-base.git",
                "reference": "b10c5dce1943fd78b8cfd5cbe6b78863d7a2f7e9"
            },
            "dist": {
                "type": "zip",
                "url": "https://api.github.com/repos/WordPress-Phoenix/abstract-plugin-base/zipball/b10c5dce1943fd78b8cfd5cbe6b78863d7a2f7e9",
                "reference": "b10c5dce1943fd78b8cfd5cbe6b78863d7a2f7e9",
                "shasum": ""
            },
            "type": "library",
            "autoload": {
                "classmap": {
                    "classmap": [
                        "src/abstract-plugin.php"
                    ]
                }
            },
            "notification-url": "https://packagist.org/downloads/",
            "license": [
                "GPL-3.0-or-later"
            ],
            "authors": [
                {
                    "name": "Seth Carstens",
                    "email": "seth.carstens@gmail.com",
                    "homepage": "http://github.com/scarstens",
                    "role": "Developer"
                }
            ],
            "description": "PHP class to extend when building a WordPress plugin allowing you to follow smart plugin setup standards.",
            "homepage": "https://github.com/WordPress-Phoenix/abstract-plugin-base",
            "keywords": [
                "abstract",
                "boilerplate",
                "plugin",
                "standardize",
                "wordpress"
            ],
            "time": "2018-03-21T23:50:31+00:00"
        },
        {
            "name": "wordpress-phoenix/wordpress-options-builder-class",
            "version": "4.1.1",
            "source": {
                "type": "git",
                "url": "https://github.com/WordPress-Phoenix/wordpress-options-builder-class.git",
                "reference": "78401fbbf078b46ab7dcc74b13d6d0a3e5ee2b15"
            },
            "dist": {
                "type": "zip",
                "url": "https://api.github.com/repos/WordPress-Phoenix/wordpress-options-builder-class/zipball/78401fbbf078b46ab7dcc74b13d6d0a3e5ee2b15",
                "reference": "78401fbbf078b46ab7dcc74b13d6d0a3e5ee2b15",
                "shasum": ""
            },
            "require": {
                "composer/installers": "~1.0"
            },
            "type": "library",
            "autoload": {
                "classmap": [
                    "/"
                ]
            },
            "notification-url": "https://packagist.org/downloads/",
            "license": [
                "GPL-3.0-or-later"
            ],
            "authors": [
                {
                    "name": "Seth Carstens",
                    "email": "seth.carstens@gmail.com",
                    "homepage": "http://github.com/scarstens",
                    "role": "Developer"
                }
            ],
            "description": "Library that helps you setup theme or plugin options that store data in the database with just a line or two of code",
            "homepage": "https://github.com/WordPress-Phoenix/wordpress-options-builder-class",
            "keywords": [
                "helper",
                "site-options",
                "utility",
                "wordpress"
            ],
            "time": "2018-05-07T23:02:26+00:00"
        }
    ],
    "packages-dev": [],
    "aliases": [],
    "minimum-stability": "stable",
    "stability-flags": [],
    "prefer-stable": false,
    "prefer-lowest": false,
    "platform": [],
    "platform-dev": [],
    "plugin-api-version": "1.1.0"
}
