{
    "_readme": [
        "This file locks the dependencies of your project to a known state",
        "Read more about it at https://getcomposer.org/doc/01-basic-usage.md#composer-lock-the-lock-file",
        "This file is @generated automatically"
    ],
    "content-hash": "35dadf1d38db6954d25e5c1b3ff1c283",
    "packages": [
        {
            "name": "wordpress-phoenix/abstract-plugin-base",
            "version": "2.6.2",
            "source": {
                "type": "git",
                "url": "https://github.com/WordPress-Phoenix/abstract-plugin-base.git",
                "reference": "b10c5dce1943fd78b8cfd5cbe6b78863d7a2f7e9"
            },
            "dist": {
                "type": "zip",
                "url": "https://api.github.com/repos/WordPress-Phoenix/abstract-plugin-base/zipball/b10c5dce1943fd78b8cfd5cbe6b78863d7a2f7e9",
                "reference": "b10c5dce1943fd78b8cfd5cbe6b78863d7a2f7e9",
                "shasum": ""
            },
            "type": "library",
            "autoload": {
                "classmap": {
                    "classmap": [
                        "src/abstract-plugin.php"
                    ]
                }
            },
            "notification-url": "https://packagist.org/downloads/",
            "license": [
                "GPL-3.0-or-later"
            ],
            "authors": [
                {
                    "name": "Seth Carstens",
                    "email": "seth.carstens@gmail.com",
                    "homepage": "http://github.com/scarstens",
                    "role": "Developer"
                }
            ],
            "description": "PHP class to extend when building a WordPress plugin allowing you to follow smart plugin setup standards.",
            "homepage": "https://github.com/WordPress-Phoenix/abstract-plugin-base",
            "keywords": [
                "abstract",
                "boilerplate",
                "plugin",
                "standardize",
                "wordpress"
            ],
            "time": "2018-03-21T23:50:31+00:00"
        },
        {
            "name": "wordpress-phoenix/wordpress-options-builder-class",
            "version": "v5.x-dev",
            "source": {
                "type": "git",
                "url": "https://github.com/WordPress-Phoenix/wordpress-options-builder-class.git",
                "reference": "2b60f6fcfe5a04b12ce8bc30d798ebc465194bf4"
            },
            "dist": {
                "type": "zip",
                "url": "https://api.github.com/repos/WordPress-Phoenix/wordpress-options-builder-class/zipball/2b60f6fcfe5a04b12ce8bc30d798ebc465194bf4",
                "reference": "2b60f6fcfe5a04b12ce8bc30d798ebc465194bf4",
                "shasum": ""
            },
            "require-dev": {
                "automattic/vipwpcs": "^0.4.0",
                "dealerdirect/phpcodesniffer-composer-installer": "^0.5.0",
                "wp-coding-standards/wpcs": "^1.2.0"
            },
            "type": "library",
            "autoload": {
                "classmap": [
                    "src"
                ]
            },
            "notification-url": "https://packagist.org/downloads/",
            "license": [
                "GPL-3.0-or-later"
            ],
            "authors": [
                {
                    "name": "Seth Carstens",
                    "email": "seth.carstens@gmail.com",
                    "homepage": "http://github.com/scarstens",
                    "role": "Developer"
                }
            ],
            "description": "Library that helps you setup theme or plugin options that store data in the database with just a line or two of code",
            "homepage": "https://github.com/WordPress-Phoenix/wordpress-options-builder-class",
            "keywords": [
                "helper",
                "site-options",
                "utility",
                "wordpress"
            ],
            "time": "2019-05-20T15:28:44+00:00"
        }
    ],
    "packages-dev": [],
    "aliases": [],
    "minimum-stability": "stable",
    "stability-flags": {
        "wordpress-phoenix/wordpress-options-builder-class": 20
    },
    "prefer-stable": false,
    "prefer-lowest": false,
    "platform": [],
    "platform-dev": []
}
